
Microsoft Visual Studio Solution File, Format Version 12.00
# Visual Studio 15
VisualStudioVersion = 15.0.26430.14
MinimumVisualStudioVersion = 10.0.40219.1
Project("{FAE04EC0-301F-11D3-BF4B-00C04F79EFBC}") = "SportsStore", "SportsStore\SportsStore.csproj", "{E4629FAF-A4EC-489D-AC46-3C55C06F771D}"
EndProject
Project("{FAE04EC0-301F-11D3-BF4B-00C04F79EFBC}") = "SportsStore.Tests", "SportsStore.Tests\SportsStore.Tests.csproj", "{0A764F55-F7D1-4666-B5BB-11C2D770DDBB}"
EndProject
Global
	GlobalSection(SolutionConfigurationPlatforms) = preSolution
		Debug|Any CPU = Debug|Any CPU
		Release|Any CPU = Release|Any CPU
	EndGlobalSection
	GlobalSection(ProjectConfigurationPlatforms) = postSolution
		{E4629FAF-A4EC-489D-AC46-3C55C06F771D}.Debug|Any CPU.ActiveCfg = Debug|Any CPU
		{E4629FAF-A4EC-489D-AC46-3C55C06F771D}.Debug|Any CPU.Build.0 = Debug|Any CPU
		{E4629FAF-A4EC-489D-AC46-3C55C06F771D}.Release|Any CPU.ActiveCfg = Release|Any CPU
		{E4629FAF-A4EC-489D-AC46-3C55C06F771D}.Release|Any CPU.Build.0 = Release|Any CPU
		{0A764F55-F7D1-4666-B5BB-11C2D770DDBB}.Debug|Any CPU.ActiveCfg = Debug|Any CPU
		{0A764F55-F7D1-4666-B5BB-11C2D770DDBB}.Debug|Any CPU.Build.0 = Debug|Any CPU
		{0A764F55-F7D1-4666-B5BB-11C2D770DDBB}.Release|Any CPU.ActiveCfg = Release|Any CPU
		{0A764F55-F7D1-4666-B5BB-11C2D770DDBB}.Release|Any CPU.Build.0 = Release|Any CPU
	EndGlobalSection
	GlobalSection(SolutionProperties) = preSolution
		HideSolutionNode = FALSE
	EndGlobalSection
EndGlobal
